
Microsoft Visual Studio Solution File, Format Version 12.00
# Visual Studio Version 16
VisualStudioVersion = 16.0.30503.244
MinimumVisualStudioVersion = 10.0.40219.1
Project("{FAE04EC0-301F-11D3-BF4B-00C04F79EFBC}") = "ROSHAMBO", "ROSHAMBO\ROSHAMBO.csproj", "{22700086-792E-4EFF-B013-4A2169B90BF8}"
EndProject
Project("{FAE04EC0-301F-11D3-BF4B-00C04F79EFBC}") = "ROSHAMBOTests", "ROSHAMBOTests\ROSHAMBOTests.csproj", "{93099460-08A3-4BD5-9ACF-24AF043EEC66}"
EndProject
Global
	GlobalSection(SolutionConfigurationPlatforms) = preSolution
		Debug|Any CPU = Debug|Any CPU
		Release|Any CPU = Release|Any CPU
	EndGlobalSection
	GlobalSection(ProjectConfigurationPlatforms) = postSolution
		{22700086-792E-4EFF-B013-4A2169B90BF8}.Debug|Any CPU.ActiveCfg = Debug|Any CPU
		{22700086-792E-4EFF-B013-4A2169B90BF8}.Debug|Any CPU.Build.0 = Debug|Any CPU
		{22700086-792E-4EFF-B013-4A2169B90BF8}.Release|Any CPU.ActiveCfg = Release|Any CPU
		{22700086-792E-4EFF-B013-4A2169B90BF8}.Release|Any CPU.Build.0 = Release|Any CPU
		{93099460-08A3-4BD5-9ACF-24AF043EEC66}.Debug|Any CPU.ActiveCfg = Debug|Any CPU
		{93099460-08A3-4BD5-9ACF-24AF043EEC66}.Debug|Any CPU.Build.0 = Debug|Any CPU
		{93099460-08A3-4BD5-9ACF-24AF043EEC66}.Release|Any CPU.ActiveCfg = Release|Any CPU
		{93099460-08A3-4BD5-9ACF-24AF043EEC66}.Release|Any CPU.Build.0 = Release|Any CPU
	EndGlobalSection
	GlobalSection(SolutionProperties) = preSolution
		HideSolutionNode = FALSE
	EndGlobalSection
	GlobalSection(ExtensibilityGlobals) = postSolution
		SolutionGuid = {B447F242-D76F-485A-A069-05A8D8898115}
	EndGlobalSection
EndGlobal
